
Microsoft Visual Studio Solution File, Format Version 12.00
# Visual Studio 2013
VisualStudioVersion = 12.0.31101.0
MinimumVisualStudioVersion = 10.0.40219.1
Project("{FAE04EC0-301F-11D3-BF4B-00C04F79EFBC}") = "Bundox.Wpf", "Bundox\Bundox.Wpf.csproj", "{00E10C64-DBAF-40B4-8825-AE891AE73FCC}"
EndProject
Project("{FAE04EC0-301F-11D3-BF4B-00C04F79EFBC}") = "Bundox.Core", "Bundox.Core\Bundox.Core.csproj", "{DB782B6F-7BA2-43DE-8F4C-4DBF032D30A8}"
EndProject
Project("{FAE04EC0-301F-11D3-BF4B-00C04F79EFBC}") = "Test.Bundox.Core", "Test.Bundox.Core\Test.Bundox.Core.csproj", "{0A03F0CE-D571-46CF-A3C3-761BD1B881BC}"
EndProject
Project("{FAE04EC0-301F-11D3-BF4B-00C04F79EFBC}") = "Bundox.Data.SQLite", "Bundox.Data.SQLite\Bundox.Data.SQLite.csproj", "{86278861-747C-4416-B705-FA80A24B9973}"
EndProject
Project("{FAE04EC0-301F-11D3-BF4B-00C04F79EFBC}") = "Test.Bundox.Data.SQLite", "Test.Bundox.Data.SQLite\Test.Bundox.Data.SQLite.csproj", "{560CB375-92F9-41E8-AC45-D668E618C9DC}"
EndProject
Global
	GlobalSection(SolutionConfigurationPlatforms) = preSolution
		Debug|Any CPU = Debug|Any CPU
		Release|Any CPU = Release|Any CPU
	EndGlobalSection
	GlobalSection(ProjectConfigurationPlatforms) = postSolution
		{00E10C64-DBAF-40B4-8825-AE891AE73FCC}.Debug|Any CPU.ActiveCfg = Debug|Any CPU
		{00E10C64-DBAF-40B4-8825-AE891AE73FCC}.Debug|Any CPU.Build.0 = Debug|Any CPU
		{00E10C64-DBAF-40B4-8825-AE891AE73FCC}.Release|Any CPU.ActiveCfg = Release|Any CPU
		{00E10C64-DBAF-40B4-8825-AE891AE73FCC}.Release|Any CPU.Build.0 = Release|Any CPU
		{DB782B6F-7BA2-43DE-8F4C-4DBF032D30A8}.Debug|Any CPU.ActiveCfg = Debug|Any CPU
		{DB782B6F-7BA2-43DE-8F4C-4DBF032D30A8}.Debug|Any CPU.Build.0 = Debug|Any CPU
		{DB782B6F-7BA2-43DE-8F4C-4DBF032D30A8}.Release|Any CPU.ActiveCfg = Release|Any CPU
		{DB782B6F-7BA2-43DE-8F4C-4DBF032D30A8}.Release|Any CPU.Build.0 = Release|Any CPU
		{0A03F0CE-D571-46CF-A3C3-761BD1B881BC}.Debug|Any CPU.ActiveCfg = Debug|Any CPU
		{0A03F0CE-D571-46CF-A3C3-761BD1B881BC}.Debug|Any CPU.Build.0 = Debug|Any CPU
		{0A03F0CE-D571-46CF-A3C3-761BD1B881BC}.Release|Any CPU.ActiveCfg = Release|Any CPU
		{0A03F0CE-D571-46CF-A3C3-761BD1B881BC}.Release|Any CPU.Build.0 = Release|Any CPU
		{86278861-747C-4416-B705-FA80A24B9973}.Debug|Any CPU.ActiveCfg = Debug|Any CPU
		{86278861-747C-4416-B705-FA80A24B9973}.Debug|Any CPU.Build.0 = Debug|Any CPU
		{86278861-747C-4416-B705-FA80A24B9973}.Release|Any CPU.ActiveCfg = Release|Any CPU
		{86278861-747C-4416-B705-FA80A24B9973}.Release|Any CPU.Build.0 = Release|Any CPU
		{560CB375-92F9-41E8-AC45-D668E618C9DC}.Debug|Any CPU.ActiveCfg = Debug|Any CPU
		{560CB375-92F9-41E8-AC45-D668E618C9DC}.Debug|Any CPU.Build.0 = Debug|Any CPU
		{560CB375-92F9-41E8-AC45-D668E618C9DC}.Release|Any CPU.ActiveCfg = Release|Any CPU
		{560CB375-92F9-41E8-AC45-D668E618C9DC}.Release|Any CPU.Build.0 = Release|Any CPU
	EndGlobalSection
	GlobalSection(SolutionProperties) = preSolution
		HideSolutionNode = FALSE
	EndGlobalSection
EndGlobal
